// !$*UTF8*$!
{
	archiveVersion = 1;
	classes = {
	};
	objectVersion = 46;
	objects = {

/* Begin PBXBuildFile section */
		0C05BFFD13742EA30026A4DE /* 1-Tomato Soup.txt in Resources */ = {isa = PBXBuildFile; fileRef = 0C05BFFC13742EA30026A4DE /* 1-Tomato Soup.txt */; };
		0C05C00013743D540026A4DE /* PhysicalObject.m in Sources */ = {isa = PBXBuildFile; fileRef = 0C05BFFF13743D540026A4DE /* PhysicalObject.m */; };
		0C0F126D1372D7ED00D059B2 /* test.jpg in Resources */ = {isa = PBXBuildFile; fileRef = 0C0F126C1372D7ED00D059B2 /* test.jpg */; };
		0C0F12701372D95D00D059B2 /* Ingredient.m in Sources */ = {isa = PBXBuildFile; fileRef = 0C0F126F1372D95C00D059B2 /* Ingredient.m */; };
		0C9232611377F9DE005F7C02 /* IngredientGenerator.m in Sources */ = {isa = PBXBuildFile; fileRef = 0C9232601377F9DB005F7C02 /* IngredientGenerator.m */; };
		3A233B551371B471006A97FA /* 0stars_large.png in Resources */ = {isa = PBXBuildFile; fileRef = 3A233B4E1371B471006A97FA /* 0stars_large.png */; };
		3A233B561371B471006A97FA /* 1stars_large.png in Resources */ = {isa = PBXBuildFile; fileRef = 3A233B4F1371B471006A97FA /* 1stars_large.png */; };
		3A233B571371B471006A97FA /* 2stars_large.png in Resources */ = {isa = PBXBuildFile; fileRef = 3A233B501371B471006A97FA /* 2stars_large.png */; };
		3A233B581371B471006A97FA /* 3stars_large.png in Resources */ = {isa = PBXBuildFile; fileRef = 3A233B511371B471006A97FA /* 3stars_large.png */; };
		3A233B591371B471006A97FA /* 4stars_large.png in Resources */ = {isa = PBXBuildFile; fileRef = 3A233B521371B471006A97FA /* 4stars_large.png */; };
		3A233B5A1371B471006A97FA /* 5stars_large.png in Resources */ = {isa = PBXBuildFile; fileRef = 3A233B531371B471006A97FA /* 5stars_large.png */; };
		3A233B5B1371B471006A97FA /* recipe_frame.png in Resources */ = {isa = PBXBuildFile; fileRef = 3A233B541371B471006A97FA /* recipe_frame.png */; };
		3A25C1F6137055E300689C28 /* recipe_button_locked.png in Resources */ = {isa = PBXBuildFile; fileRef = 3A25C1F4137055E300689C28 /* recipe_button_locked.png */; };
		3A25C1F7137055E300689C28 /* recipe_button_unlocked.png in Resources */ = {isa = PBXBuildFile; fileRef = 3A25C1F5137055E300689C28 /* recipe_button_unlocked.png */; };
		3A25C1FF1370895F00689C28 /* 0_stars.png in Resources */ = {isa = PBXBuildFile; fileRef = 3A25C1F91370895F00689C28 /* 0_stars.png */; };
		3A25C2001370895F00689C28 /* 1_stars.png in Resources */ = {isa = PBXBuildFile; fileRef = 3A25C1FA1370895F00689C28 /* 1_stars.png */; };
		3A25C2011370895F00689C28 /* 2_stars.png in Resources */ = {isa = PBXBuildFile; fileRef = 3A25C1FB1370895F00689C28 /* 2_stars.png */; };
		3A25C2021370895F00689C28 /* 3_stars.png in Resources */ = {isa = PBXBuildFile; fileRef = 3A25C1FC1370895F00689C28 /* 3_stars.png */; };
		3A25C2031370895F00689C28 /* 4_stars.png in Resources */ = {isa = PBXBuildFile; fileRef = 3A25C1FD1370895F00689C28 /* 4_stars.png */; };
		3A25C2041370895F00689C28 /* 5_stars.png in Resources */ = {isa = PBXBuildFile; fileRef = 3A25C1FE1370895F00689C28 /* 5_stars.png */; };
		3A3B9BB8137AFA6700256CEA /* AudioToolbox.framework in Frameworks */ = {isa = PBXBuildFile; fileRef = 3A3B9BB7137AFA6700256CEA /* AudioToolbox.framework */; };
		3A3B9BC5137AFD8300256CEA /* AVFoundation.framework in Frameworks */ = {isa = PBXBuildFile; fileRef = 3A3B9BC4137AFD8300256CEA /* AVFoundation.framework */; };
		3AF718FB136C3A8F005D7971 /* RecipeSelection.xib in Resources */ = {isa = PBXBuildFile; fileRef = 3AF718FA136C3A8F005D7971 /* RecipeSelection.xib */; };
		3AF89E7F136AB1C300AA5905 /* Recipe_List.plist in Resources */ = {isa = PBXBuildFile; fileRef = 3AF89E7E136AB1C300AA5905 /* Recipe_List.plist */; };
		3AF89E8E136ADDA700AA5905 /* 120px-Crystal_Clear_action_lock.png in Resources */ = {isa = PBXBuildFile; fileRef = 3AF89E8D136ADDA700AA5905 /* 120px-Crystal_Clear_action_lock.png */; };
		3AFFB441137981F100E1C037 /* 1-Butternut Soup.txt in Resources */ = {isa = PBXBuildFile; fileRef = 3AFFB440137981F100E1C037 /* 1-Butternut Soup.txt */; };
		3AFFB4441379820800E1C037 /* 2-Bean Soup.txt in Resources */ = {isa = PBXBuildFile; fileRef = 3AFFB4431379820800E1C037 /* 2-Bean Soup.txt */; };
		3AFFB4461379820E00E1C037 /* 3-Vegetable Soup.txt in Resources */ = {isa = PBXBuildFile; fileRef = 3AFFB4451379820E00E1C037 /* 3-Vegetable Soup.txt */; };
		3AFFB475137A6ECF00E1C037 /* 1.png in Resources */ = {isa = PBXBuildFile; fileRef = 3AFFB46B137A6ECF00E1C037 /* 1.png */; };
		3AFFB476137A6ECF00E1C037 /* 2.png in Resources */ = {isa = PBXBuildFile; fileRef = 3AFFB46C137A6ECF00E1C037 /* 2.png */; };
		3AFFB477137A6ECF00E1C037 /* 3.png in Resources */ = {isa = PBXBuildFile; fileRef = 3AFFB46D137A6ECF00E1C037 /* 3.png */; };
		3AFFB478137A6ECF00E1C037 /* 4.png in Resources */ = {isa = PBXBuildFile; fileRef = 3AFFB46E137A6ECF00E1C037 /* 4.png */; };
		3AFFB479137A6ECF00E1C037 /* 5.png in Resources */ = {isa = PBXBuildFile; fileRef = 3AFFB46F137A6ECF00E1C037 /* 5.png */; };
		3AFFB47A137A6ECF00E1C037 /* 6.png in Resources */ = {isa = PBXBuildFile; fileRef = 3AFFB470137A6ECF00E1C037 /* 6.png */; };
		3AFFB47B137A6ECF00E1C037 /* 7.png in Resources */ = {isa = PBXBuildFile; fileRef = 3AFFB471137A6ECF00E1C037 /* 7.png */; };
		3AFFB47C137A6ECF00E1C037 /* 8.png in Resources */ = {isa = PBXBuildFile; fileRef = 3AFFB472137A6ECF00E1C037 /* 8.png */; };
		3AFFB47D137A6ECF00E1C037 /* 9.png in Resources */ = {isa = PBXBuildFile; fileRef = 3AFFB473137A6ECF00E1C037 /* 9.png */; };
		3AFFB47E137A6ECF00E1C037 /* x.jpg in Resources */ = {isa = PBXBuildFile; fileRef = 3AFFB474137A6ECF00E1C037 /* x.jpg */; };
		80007CE913797B5C00CC3C64 /* CustomSwipeGestureRecognizer.m in Sources */ = {isa = PBXBuildFile; fileRef = 80007CE813797B5C00CC3C64 /* CustomSwipeGestureRecognizer.m */; };
		80079E7F136078C9001ABBFD /* MainMenu.m in Sources */ = {isa = PBXBuildFile; fileRef = 80079E7D136078C9001ABBFD /* MainMenu.m */; };
		80079E80136078C9001ABBFD /* MainMenu.xib in Resources */ = {isa = PBXBuildFile; fileRef = 80079E7E136078C9001ABBFD /* MainMenu.xib */; };
		80079E8A13607CA8001ABBFD /* MainWindow.xib in Resources */ = {isa = PBXBuildFile; fileRef = 80079E8913607CA8001ABBFD /* MainWindow.xib */; };
		8015C9C21382F038002A8E7B /* pause.png in Resources */ = {isa = PBXBuildFile; fileRef = 8015C9BF1382F038002A8E7B /* pause.png */; };
		8015C9C31382F038002A8E7B /* play.png in Resources */ = {isa = PBXBuildFile; fileRef = 8015C9C01382F038002A8E7B /* play.png */; };
		8015C9C41382F038002A8E7B /* quit.png in Resources */ = {isa = PBXBuildFile; fileRef = 8015C9C11382F038002A8E7B /* quit.png */; };
		8078CA20138158C300A6A1D2 /* fingerDot.png in Resources */ = {isa = PBXBuildFile; fileRef = 8078CA1F138158C300A6A1D2 /* fingerDot.png */; };
		8079176113759E1A000F68D9 /* GameView.m in Sources */ = {isa = PBXBuildFile; fileRef = 8079176013759E1A000F68D9 /* GameView.m */; };
		808A4E8C136AD1CF0058C7DA /* video_test.mp4 in Resources */ = {isa = PBXBuildFile; fileRef = 808A4E8B136AD1CF0058C7DA /* video_test.mp4 */; };
		8093096213697954007C1E8B /* GameScreen.xib in Resources */ = {isa = PBXBuildFile; fileRef = 8093096013697954007C1E8B /* GameScreen.xib */; };
		8093096F1369A4A0007C1E8B /* RecipeSelection.m in Sources */ = {isa = PBXBuildFile; fileRef = 8093096D1369A4A0007C1E8B /* RecipeSelection.m */; };
		809309771369A688007C1E8B /* MediaPlayer.framework in Frameworks */ = {isa = PBXBuildFile; fileRef = 809309761369A688007C1E8B /* MediaPlayer.framework */; };
		80BBC3401383C5AE0054DD89 /* Heading.png in Resources */ = {isa = PBXBuildFile; fileRef = 80BBC33F1383C5AE0054DD89 /* Heading.png */; };
		80BBC3431383C8100054DD89 /* baar_metanoia.TTF in Resources */ = {isa = PBXBuildFile; fileRef = 80BBC3421383C80F0054DD89 /* baar_metanoia.TTF */; };
		80BBC3451383CA940054DD89 /* 3_chef.png in Resources */ = {isa = PBXBuildFile; fileRef = 80BBC3441383CA930054DD89 /* 3_chef.png */; };
		80BBC3471383CA9F0054DD89 /* 1_chef.png in Resources */ = {isa = PBXBuildFile; fileRef = 80BBC3461383CA9F0054DD89 /* 1_chef.png */; };
		80BBC3491383CAA50054DD89 /* 2_chef.png in Resources */ = {isa = PBXBuildFile; fileRef = 80BBC3481383CAA50054DD89 /* 2_chef.png */; };
		80CEB1FA13606D5200425F16 /* UIKit.framework in Frameworks */ = {isa = PBXBuildFile; fileRef = 80CEB1F913606D5200425F16 /* UIKit.framework */; };
		80CEB1FC13606D5200425F16 /* Foundation.framework in Frameworks */ = {isa = PBXBuildFile; fileRef = 80CEB1FB13606D5200425F16 /* Foundation.framework */; };
		80CEB1FE13606D5200425F16 /* CoreGraphics.framework in Frameworks */ = {isa = PBXBuildFile; fileRef = 80CEB1FD13606D5200425F16 /* CoreGraphics.framework */; };
		80CEB20413606D5200425F16 /* InfoPlist.strings in Resources */ = {isa = PBXBuildFile; fileRef = 80CEB20213606D5200425F16 /* InfoPlist.strings */; };
		80CEB20713606D5200425F16 /* main.m in Sources */ = {isa = PBXBuildFile; fileRef = 80CEB20613606D5200425F16 /* main.m */; };
		80CEB20A13606D5200425F16 /* Kitchen_SamuraiAppDelegate.m in Sources */ = {isa = PBXBuildFile; fileRef = 80CEB20913606D5200425F16 /* Kitchen_SamuraiAppDelegate.m */; };
		DD8476131382D598001F853F /* Game.m in Sources */ = {isa = PBXBuildFile; fileRef = DD8476121382D598001F853F /* Game.m */; };
		DD8476161382D59D001F853F /* GameScreen.m in Sources */ = {isa = PBXBuildFile; fileRef = DD8476151382D59D001F853F /* GameScreen.m */; };
		E00834FB1372199B0098FFBF /* QuartzCore.framework in Frameworks */ = {isa = PBXBuildFile; fileRef = E00834FA1372199B0098FFBF /* QuartzCore.framework */; };
		E024C57E137AE205003A11F5 /* pot.png in Resources */ = {isa = PBXBuildFile; fileRef = E024C57D137AE205003A11F5 /* pot.png */; };
		E078BE87136A204000818E87 /* back_button.png in Resources */ = {isa = PBXBuildFile; fileRef = E078BE80136A204000818E87 /* back_button.png */; };
		E078BE88136A204000818E87 /* continue_button.png in Resources */ = {isa = PBXBuildFile; fileRef = E078BE81136A204000818E87 /* continue_button.png */; };
		E078BE89136A204000818E87 /* cook_button.png in Resources */ = {isa = PBXBuildFile; fileRef = E078BE82136A204000818E87 /* cook_button.png */; };
		E078BE8A136A204000818E87 /* instructions_button.png in Resources */ = {isa = PBXBuildFile; fileRef = E078BE83136A204000818E87 /* instructions_button.png */; };
		E078BE8B136A204000818E87 /* new_game_button.png in Resources */ = {isa = PBXBuildFile; fileRef = E078BE84136A204000818E87 /* new_game_button.png */; };
		E078BE8C136A204000818E87 /* pick_recipe_button.png in Resources */ = {isa = PBXBuildFile; fileRef = E078BE85136A204000818E87 /* pick_recipe_button.png */; };
		E078BE8D136A204000818E87 /* rising_sun_yellow2.jpg in Resources */ = {isa = PBXBuildFile; fileRef = E078BE86136A204000818E87 /* rising_sun_yellow2.jpg */; };
		E0A6CB3D137B09B300F5C6E2 /* swoosh.caf in Resources */ = {isa = PBXBuildFile; fileRef = E0A6CB3C137B09B300F5C6E2 /* swoosh.caf */; };
		E0C8C140137614A700EF567E /* asparagus.png in Resources */ = {isa = PBXBuildFile; fileRef = E0C8C12A137614A500EF567E /* asparagus.png */; };
		E0C8C141137614A700EF567E /* baby_marrow.png in Resources */ = {isa = PBXBuildFile; fileRef = E0C8C12B137614A500EF567E /* baby_marrow.png */; };
		E0C8C142137614A700EF567E /* bean.png in Resources */ = {isa = PBXBuildFile; fileRef = E0C8C12C137614A500EF567E /* bean.png */; };
		E0C8C143137614A700EF567E /* beetroot.png in Resources */ = {isa = PBXBuildFile; fileRef = E0C8C12D137614A500EF567E /* beetroot.png */; };
		E0C8C144137614A700EF567E /* bell_pepper.png in Resources */ = {isa = PBXBuildFile; fileRef = E0C8C12E137614A500EF567E /* bell_pepper.png */; };
		E0C8C145137614A700EF567E /* brinjal.png in Resources */ = {isa = PBXBuildFile; fileRef = E0C8C12F137614A500EF567E /* brinjal.png */; };
		E0C8C146137614A700EF567E /* broccoli.png in Resources */ = {isa = PBXBuildFile; fileRef = E0C8C130137614A600EF567E /* broccoli.png */; };
		E0C8C147137614A700EF567E /* butternut.png in Resources */ = {isa = PBXBuildFile; fileRef = E0C8C131137614A600EF567E /* butternut.png */; };
		E0C8C148137614A700EF567E /* carrot.png in Resources */ = {isa = PBXBuildFile; fileRef = E0C8C132137614A600EF567E /* carrot.png */; };
		E0C8C149137614A700EF567E /* cauliflower.png in Resources */ = {isa = PBXBuildFile; fileRef = E0C8C133137614A600EF567E /* cauliflower.png */; };
		E0C8C14A137614A700EF567E /* celery.png in Resources */ = {isa = PBXBuildFile; fileRef = E0C8C134137614A600EF567E /* celery.png */; };
		E0C8C14B137614A700EF567E /* chilli.png in Resources */ = {isa = PBXBuildFile; fileRef = E0C8C135137614A600EF567E /* chilli.png */; };
		E0C8C14C137614A700EF567E /* corn.png in Resources */ = {isa = PBXBuildFile; fileRef = E0C8C136137614A600EF567E /* corn.png */; };
		E0C8C14D137614A700EF567E /* garlic.png in Resources */ = {isa = PBXBuildFile; fileRef = E0C8C137137614A600EF567E /* garlic.png */; };
		E0C8C14E137614A700EF567E /* lemon.png in Resources */ = {isa = PBXBuildFile; fileRef = E0C8C138137614A600EF567E /* lemon.png */; };
		E0C8C14F137614A700EF567E /* onion.png in Resources */ = {isa = PBXBuildFile; fileRef = E0C8C139137614A600EF567E /* onion.png */; };
		E0C8C150137614A700EF567E /* parsnip.png in Resources */ = {isa = PBXBuildFile; fileRef = E0C8C13A137614A600EF567E /* parsnip.png */; };
		E0C8C151137614A700EF567E /* peas.png in Resources */ = {isa = PBXBuildFile; fileRef = E0C8C13B137614A600EF567E /* peas.png */; };
		E0C8C152137614A700EF567E /* potato.png in Resources */ = {isa = PBXBuildFile; fileRef = E0C8C13C137614A600EF567E /* potato.png */; };
		E0C8C153137614A700EF567E /* pumpkin.png in Resources */ = {isa = PBXBuildFile; fileRef = E0C8C13D137614A600EF567E /* pumpkin.png */; };
		E0C8C154137614A700EF567E /* tomato.png in Resources */ = {isa = PBXBuildFile; fileRef = E0C8C13E137614A700EF567E /* tomato.png */; };
		E0C8C155137614A700EF567E /* turnip.png in Resources */ = {isa = PBXBuildFile; fileRef = E0C8C13F137614A700EF567E /* turnip.png */; };
/* End PBXBuildFile section */

/* Begin PBXFileReference section */
		0C05BFFC13742EA30026A4DE /* 1-Tomato Soup.txt */ = {isa = PBXFileReference; fileEncoding = 4; lastKnownFileType = text; path = "1-Tomato Soup.txt"; sourceTree = "<group>"; };
		0C05BFFE13743D540026A4DE /* PhysicalObject.h */ = {isa = PBXFileReference; fileEncoding = 4; lastKnownFileType = sourcecode.c.h; path = PhysicalObject.h; sourceTree = "<group>"; };
		0C05BFFF13743D540026A4DE /* PhysicalObject.m */ = {isa = PBXFileReference; fileEncoding = 4; lastKnownFileType = sourcecode.c.objc; path = PhysicalObject.m; sourceTree = "<group>"; };
		0C0F126C1372D7ED00D059B2 /* test.jpg */ = {isa = PBXFileReference; lastKnownFileType = image.jpeg; path = test.jpg; sourceTree = "<group>"; };
		0C0F126E1372D95C00D059B2 /* Ingredient.h */ = {isa = PBXFileReference; fileEncoding = 4; lastKnownFileType = sourcecode.c.h; path = Ingredient.h; sourceTree = "<group>"; };
		0C0F126F1372D95C00D059B2 /* Ingredient.m */ = {isa = PBXFileReference; fileEncoding = 4; lastKnownFileType = sourcecode.c.objc; path = Ingredient.m; sourceTree = "<group>"; };
		0C92325F1377F9DA005F7C02 /* IngredientGenerator.h */ = {isa = PBXFileReference; fileEncoding = 4; lastKnownFileType = sourcecode.c.h; path = IngredientGenerator.h; sourceTree = "<group>"; };
		0C9232601377F9DB005F7C02 /* IngredientGenerator.m */ = {isa = PBXFileReference; fileEncoding = 4; lastKnownFileType = sourcecode.c.objc; path = IngredientGenerator.m; sourceTree = "<group>"; };
		3A233B4E1371B471006A97FA /* 0stars_large.png */ = {isa = PBXFileReference; lastKnownFileType = image.png; path = 0stars_large.png; sourceTree = "<group>"; };
		3A233B4F1371B471006A97FA /* 1stars_large.png */ = {isa = PBXFileReference; lastKnownFileType = image.png; path = 1stars_large.png; sourceTree = "<group>"; };
		3A233B501371B471006A97FA /* 2stars_large.png */ = {isa = PBXFileReference; lastKnownFileType = image.png; path = 2stars_large.png; sourceTree = "<group>"; };
		3A233B511371B471006A97FA /* 3stars_large.png */ = {isa = PBXFileReference; lastKnownFileType = image.png; path = 3stars_large.png; sourceTree = "<group>"; };
		3A233B521371B471006A97FA /* 4stars_large.png */ = {isa = PBXFileReference; lastKnownFileType = image.png; path = 4stars_large.png; sourceTree = "<group>"; };
		3A233B531371B471006A97FA /* 5stars_large.png */ = {isa = PBXFileReference; lastKnownFileType = image.png; path = 5stars_large.png; sourceTree = "<group>"; };
		3A233B541371B471006A97FA /* recipe_frame.png */ = {isa = PBXFileReference; lastKnownFileType = image.png; path = recipe_frame.png; sourceTree = "<group>"; };
		3A25C1F4137055E300689C28 /* recipe_button_locked.png */ = {isa = PBXFileReference; lastKnownFileType = image.png; path = recipe_button_locked.png; sourceTree = "<group>"; };
		3A25C1F5137055E300689C28 /* recipe_button_unlocked.png */ = {isa = PBXFileReference; lastKnownFileType = image.png; path = recipe_button_unlocked.png; sourceTree = "<group>"; };
		3A25C1F91370895F00689C28 /* 0_stars.png */ = {isa = PBXFileReference; lastKnownFileType = image.png; path = 0_stars.png; sourceTree = "<group>"; };
		3A25C1FA1370895F00689C28 /* 1_stars.png */ = {isa = PBXFileReference; lastKnownFileType = image.png; path = 1_stars.png; sourceTree = "<group>"; };
		3A25C1FB1370895F00689C28 /* 2_stars.png */ = {isa = PBXFileReference; lastKnownFileType = image.png; path = 2_stars.png; sourceTree = "<group>"; };
		3A25C1FC1370895F00689C28 /* 3_stars.png */ = {isa = PBXFileReference; lastKnownFileType = image.png; path = 3_stars.png; sourceTree = "<group>"; };
		3A25C1FD1370895F00689C28 /* 4_stars.png */ = {isa = PBXFileReference; lastKnownFileType = image.png; path = 4_stars.png; sourceTree = "<group>"; };
		3A25C1FE1370895F00689C28 /* 5_stars.png */ = {isa = PBXFileReference; lastKnownFileType = image.png; path = 5_stars.png; sourceTree = "<group>"; };
		3A3B9BB7137AFA6700256CEA /* AudioToolbox.framework */ = {isa = PBXFileReference; lastKnownFileType = wrapper.framework; name = AudioToolbox.framework; path = System/Library/Frameworks/AudioToolbox.framework; sourceTree = SDKROOT; };
		3A3B9BC4137AFD8300256CEA /* AVFoundation.framework */ = {isa = PBXFileReference; lastKnownFileType = wrapper.framework; name = AVFoundation.framework; path = System/Library/Frameworks/AVFoundation.framework; sourceTree = SDKROOT; };
		3AF718FA136C3A8F005D7971 /* RecipeSelection.xib */ = {isa = PBXFileReference; fileEncoding = 4; lastKnownFileType = file.xib; path = RecipeSelection.xib; sourceTree = "<group>"; };
		3AF89E7E136AB1C300AA5905 /* Recipe_List.plist */ = {isa = PBXFileReference; fileEncoding = 4; lastKnownFileType = text.plist.xml; path = Recipe_List.plist; sourceTree = "<group>"; };
		3AF89E8D136ADDA700AA5905 /* 120px-Crystal_Clear_action_lock.png */ = {isa = PBXFileReference; lastKnownFileType = image.png; path = "120px-Crystal_Clear_action_lock.png"; sourceTree = "<group>"; };
		3AFFB440137981F100E1C037 /* 1-Butternut Soup.txt */ = {isa = PBXFileReference; fileEncoding = 4; lastKnownFileType = text; path = "1-Butternut Soup.txt"; sourceTree = "<group>"; };
		3AFFB4431379820800E1C037 /* 2-Bean Soup.txt */ = {isa = PBXFileReference; fileEncoding = 4; lastKnownFileType = text; path = "2-Bean Soup.txt"; sourceTree = "<group>"; };
		3AFFB4451379820E00E1C037 /* 3-Vegetable Soup.txt */ = {isa = PBXFileReference; fileEncoding = 4; lastKnownFileType = text; path = "3-Vegetable Soup.txt"; sourceTree = "<group>"; };
		3AFFB46B137A6ECF00E1C037 /* 1.png */ = {isa = PBXFileReference; lastKnownFileType = image.png; path = 1.png; sourceTree = "<group>"; };
		3AFFB46C137A6ECF00E1C037 /* 2.png */ = {isa = PBXFileReference; lastKnownFileType = image.png; path = 2.png; sourceTree = "<group>"; };
		3AFFB46D137A6ECF00E1C037 /* 3.png */ = {isa = PBXFileReference; lastKnownFileType = image.png; path = 3.png; sourceTree = "<group>"; };
		3AFFB46E137A6ECF00E1C037 /* 4.png */ = {isa = PBXFileReference; lastKnownFileType = image.png; path = 4.png; sourceTree = "<group>"; };
		3AFFB46F137A6ECF00E1C037 /* 5.png */ = {isa = PBXFileReference; lastKnownFileType = image.png; path = 5.png; sourceTree = "<group>"; };
		3AFFB470137A6ECF00E1C037 /* 6.png */ = {isa = PBXFileReference; lastKnownFileType = image.png; path = 6.png; sourceTree = "<group>"; };
		3AFFB471137A6ECF00E1C037 /* 7.png */ = {isa = PBXFileReference; lastKnownFileType = image.png; path = 7.png; sourceTree = "<group>"; };
		3AFFB472137A6ECF00E1C037 /* 8.png */ = {isa = PBXFileReference; lastKnownFileType = image.png; path = 8.png; sourceTree = "<group>"; };
		3AFFB473137A6ECF00E1C037 /* 9.png */ = {isa = PBXFileReference; lastKnownFileType = image.png; path = 9.png; sourceTree = "<group>"; };
		3AFFB474137A6ECF00E1C037 /* x.jpg */ = {isa = PBXFileReference; lastKnownFileType = image.jpeg; path = x.jpg; sourceTree = "<group>"; };
		80007CE713797B5C00CC3C64 /* CustomSwipeGestureRecognizer.h */ = {isa = PBXFileReference; fileEncoding = 4; lastKnownFileType = sourcecode.c.h; path = CustomSwipeGestureRecognizer.h; sourceTree = "<group>"; };
		80007CE813797B5C00CC3C64 /* CustomSwipeGestureRecognizer.m */ = {isa = PBXFileReference; fileEncoding = 4; lastKnownFileType = sourcecode.c.objc; path = CustomSwipeGestureRecognizer.m; sourceTree = "<group>"; };
		80079E7C136078C9001ABBFD /* MainMenu.h */ = {isa = PBXFileReference; fileEncoding = 4; lastKnownFileType = sourcecode.c.h; path = MainMenu.h; sourceTree = "<group>"; };
		80079E7D136078C9001ABBFD /* MainMenu.m */ = {isa = PBXFileReference; fileEncoding = 4; lastKnownFileType = sourcecode.c.objc; path = MainMenu.m; sourceTree = "<group>"; };
		80079E7E136078C9001ABBFD /* MainMenu.xib */ = {isa = PBXFileReference; fileEncoding = 4; lastKnownFileType = file.xib; path = MainMenu.xib; sourceTree = "<group>"; };
		80079E8913607CA8001ABBFD /* MainWindow.xib */ = {isa = PBXFileReference; fileEncoding = 4; lastKnownFileType = file.xib; path = MainWindow.xib; sourceTree = "<group>"; };
		8015C9BF1382F038002A8E7B /* pause.png */ = {isa = PBXFileReference; lastKnownFileType = image.png; path = pause.png; sourceTree = "<group>"; };
		8015C9C01382F038002A8E7B /* play.png */ = {isa = PBXFileReference; lastKnownFileType = image.png; path = play.png; sourceTree = "<group>"; };
		8015C9C11382F038002A8E7B /* quit.png */ = {isa = PBXFileReference; lastKnownFileType = image.png; path = quit.png; sourceTree = "<group>"; };
		8078CA1F138158C300A6A1D2 /* fingerDot.png */ = {isa = PBXFileReference; lastKnownFileType = image.png; path = fingerDot.png; sourceTree = "<group>"; };
		8079175F13759E1A000F68D9 /* GameView.h */ = {isa = PBXFileReference; fileEncoding = 4; lastKnownFileType = sourcecode.c.h; path = GameView.h; sourceTree = "<group>"; };
		8079176013759E1A000F68D9 /* GameView.m */ = {isa = PBXFileReference; fileEncoding = 4; lastKnownFileType = sourcecode.c.objc; path = GameView.m; sourceTree = "<group>"; };
		808A4E8B136AD1CF0058C7DA /* video_test.mp4 */ = {isa = PBXFileReference; lastKnownFileType = file; path = video_test.mp4; sourceTree = "<group>"; };
		8093095E13697954007C1E8B /* GameScreen.h */ = {isa = PBXFileReference; fileEncoding = 4; lastKnownFileType = sourcecode.c.h; path = GameScreen.h; sourceTree = "<group>"; };
		8093096013697954007C1E8B /* GameScreen.xib */ = {isa = PBXFileReference; fileEncoding = 4; lastKnownFileType = file.xib; path = GameScreen.xib; sourceTree = "<group>"; };
		8093096C1369A4A0007C1E8B /* RecipeSelection.h */ = {isa = PBXFileReference; fileEncoding = 4; lastKnownFileType = sourcecode.c.h; path = RecipeSelection.h; sourceTree = "<group>"; };
		8093096D1369A4A0007C1E8B /* RecipeSelection.m */ = {isa = PBXFileReference; fileEncoding = 4; lastKnownFileType = sourcecode.c.objc; path = RecipeSelection.m; sourceTree = "<group>"; };
		809309761369A688007C1E8B /* MediaPlayer.framework */ = {isa = PBXFileReference; lastKnownFileType = wrapper.framework; name = MediaPlayer.framework; path = System/Library/Frameworks/MediaPlayer.framework; sourceTree = SDKROOT; };
		80BBC33F1383C5AE0054DD89 /* Heading.png */ = {isa = PBXFileReference; lastKnownFileType = image.png; path = Heading.png; sourceTree = "<group>"; };
		80BBC3421383C80F0054DD89 /* baar_metanoia.TTF */ = {isa = PBXFileReference; lastKnownFileType = file; path = baar_metanoia.TTF; sourceTree = "<group>"; };
		80BBC3441383CA930054DD89 /* 3_chef.png */ = {isa = PBXFileReference; lastKnownFileType = image.png; path = 3_chef.png; sourceTree = "<group>"; };
		80BBC3461383CA9F0054DD89 /* 1_chef.png */ = {isa = PBXFileReference; lastKnownFileType = image.png; path = 1_chef.png; sourceTree = "<group>"; };
		80BBC3481383CAA50054DD89 /* 2_chef.png */ = {isa = PBXFileReference; lastKnownFileType = image.png; path = 2_chef.png; sourceTree = "<group>"; };
		80CEB1F513606D5200425F16 /* Kitchen Samurai.app */ = {isa = PBXFileReference; explicitFileType = wrapper.application; includeInIndex = 0; path = "Kitchen Samurai.app"; sourceTree = BUILT_PRODUCTS_DIR; };
		80CEB1F913606D5200425F16 /* UIKit.framework */ = {isa = PBXFileReference; lastKnownFileType = wrapper.framework; name = UIKit.framework; path = System/Library/Frameworks/UIKit.framework; sourceTree = SDKROOT; };
		80CEB1FB13606D5200425F16 /* Foundation.framework */ = {isa = PBXFileReference; lastKnownFileType = wrapper.framework; name = Foundation.framework; path = System/Library/Frameworks/Foundation.framework; sourceTree = SDKROOT; };
		80CEB1FD13606D5200425F16 /* CoreGraphics.framework */ = {isa = PBXFileReference; lastKnownFileType = wrapper.framework; name = CoreGraphics.framework; path = System/Library/Frameworks/CoreGraphics.framework; sourceTree = SDKROOT; };
		80CEB20113606D5200425F16 /* Kitchen Samurai-Info.plist */ = {isa = PBXFileReference; lastKnownFileType = text.plist.xml; path = "Kitchen Samurai-Info.plist"; sourceTree = "<group>"; };
		80CEB20313606D5200425F16 /* en */ = {isa = PBXFileReference; lastKnownFileType = text.plist.strings; name = en; path = en.lproj/InfoPlist.strings; sourceTree = "<group>"; };
		80CEB20513606D5200425F16 /* Kitchen Samurai-Prefix.pch */ = {isa = PBXFileReference; lastKnownFileType = sourcecode.c.h; path = "Kitchen Samurai-Prefix.pch"; sourceTree = "<group>"; };
		80CEB20613606D5200425F16 /* main.m */ = {isa = PBXFileReference; lastKnownFileType = sourcecode.c.objc; path = main.m; sourceTree = "<group>"; };
		80CEB20813606D5200425F16 /* Kitchen_SamuraiAppDelegate.h */ = {isa = PBXFileReference; lastKnownFileType = sourcecode.c.h; path = Kitchen_SamuraiAppDelegate.h; sourceTree = "<group>"; };
		80CEB20913606D5200425F16 /* Kitchen_SamuraiAppDelegate.m */ = {isa = PBXFileReference; lastKnownFileType = sourcecode.c.objc; path = Kitchen_SamuraiAppDelegate.m; sourceTree = "<group>"; };
		DD8476121382D598001F853F /* Game.m */ = {isa = PBXFileReference; fileEncoding = 4; lastKnownFileType = sourcecode.c.objc; path = Game.m; sourceTree = "<group>"; };
		DD8476151382D59D001F853F /* GameScreen.m */ = {isa = PBXFileReference; fileEncoding = 4; lastKnownFileType = sourcecode.c.objc; path = GameScreen.m; sourceTree = "<group>"; };
		E00834F613720B370098FFBF /* Game.h */ = {isa = PBXFileReference; fileEncoding = 4; lastKnownFileType = sourcecode.c.h; path = Game.h; sourceTree = "<group>"; };
		E00834FA1372199B0098FFBF /* QuartzCore.framework */ = {isa = PBXFileReference; lastKnownFileType = wrapper.framework; name = QuartzCore.framework; path = System/Library/Frameworks/QuartzCore.framework; sourceTree = SDKROOT; };
		E024C57D137AE205003A11F5 /* pot.png */ = {isa = PBXFileReference; lastKnownFileType = image.png; path = pot.png; sourceTree = "<group>"; };
		E078BE80136A204000818E87 /* back_button.png */ = {isa = PBXFileReference; lastKnownFileType = image.png; path = back_button.png; sourceTree = "<group>"; };
		E078BE81136A204000818E87 /* continue_button.png */ = {isa = PBXFileReference; lastKnownFileType = image.png; path = continue_button.png; sourceTree = "<group>"; };
		E078BE82136A204000818E87 /* cook_button.png */ = {isa = PBXFileReference; lastKnownFileType = image.png; path = cook_button.png; sourceTree = "<group>"; };
		E078BE83136A204000818E87 /* instructions_button.png */ = {isa = PBXFileReference; lastKnownFileType = image.png; path = instructions_button.png; sourceTree = "<group>"; };
		E078BE84136A204000818E87 /* new_game_button.png */ = {isa = PBXFileReference; lastKnownFileType = image.png; path = new_game_button.png; sourceTree = "<group>"; };
		E078BE85136A204000818E87 /* pick_recipe_button.png */ = {isa = PBXFileReference; lastKnownFileType = image.png; path = pick_recipe_button.png; sourceTree = "<group>"; };
		E078BE86136A204000818E87 /* rising_sun_yellow2.jpg */ = {isa = PBXFileReference; lastKnownFileType = image.jpeg; path = rising_sun_yellow2.jpg; sourceTree = "<group>"; };
		E0A6CB3C137B09B300F5C6E2 /* swoosh.caf */ = {isa = PBXFileReference; lastKnownFileType = file; path = swoosh.caf; sourceTree = "<group>"; };
		E0C8C12A137614A500EF567E /* asparagus.png */ = {isa = PBXFileReference; lastKnownFileType = image.png; path = asparagus.png; sourceTree = "<group>"; };
		E0C8C12B137614A500EF567E /* baby_marrow.png */ = {isa = PBXFileReference; lastKnownFileType = image.png; path = baby_marrow.png; sourceTree = "<group>"; };
		E0C8C12C137614A500EF567E /* bean.png */ = {isa = PBXFileReference; lastKnownFileType = image.png; path = bean.png; sourceTree = "<group>"; };
		E0C8C12D137614A500EF567E /* beetroot.png */ = {isa = PBXFileReference; lastKnownFileType = image.png; path = beetroot.png; sourceTree = "<group>"; };
		E0C8C12E137614A500EF567E /* bell_pepper.png */ = {isa = PBXFileReference; lastKnownFileType = image.png; path = bell_pepper.png; sourceTree = "<group>"; };
		E0C8C12F137614A500EF567E /* brinjal.png */ = {isa = PBXFileReference; lastKnownFileType = image.png; path = brinjal.png; sourceTree = "<group>"; };
		E0C8C130137614A600EF567E /* broccoli.png */ = {isa = PBXFileReference; lastKnownFileType = image.png; path = broccoli.png; sourceTree = "<group>"; };
		E0C8C131137614A600EF567E /* butternut.png */ = {isa = PBXFileReference; lastKnownFileType = image.png; path = butternut.png; sourceTree = "<group>"; };
		E0C8C132137614A600EF567E /* carrot.png */ = {isa = PBXFileReference; lastKnownFileType = image.png; path = carrot.png; sourceTree = "<group>"; };
		E0C8C133137614A600EF567E /* cauliflower.png */ = {isa = PBXFileReference; lastKnownFileType = image.png; path = cauliflower.png; sourceTree = "<group>"; };
		E0C8C134137614A600EF567E /* celery.png */ = {isa = PBXFileReference; lastKnownFileType = image.png; path = celery.png; sourceTree = "<group>"; };
		E0C8C135137614A600EF567E /* chilli.png */ = {isa = PBXFileReference; lastKnownFileType = image.png; path = chilli.png; sourceTree = "<group>"; };
		E0C8C136137614A600EF567E /* corn.png */ = {isa = PBXFileReference; lastKnownFileType = image.png; path = corn.png; sourceTree = "<group>"; };
		E0C8C137137614A600EF567E /* garlic.png */ = {isa = PBXFileReference; lastKnownFileType = image.png; path = garlic.png; sourceTree = "<group>"; };
		E0C8C138137614A600EF567E /* lemon.png */ = {isa = PBXFileReference; lastKnownFileType = image.png; path = lemon.png; sourceTree = "<group>"; };
		E0C8C139137614A600EF567E /* onion.png */ = {isa = PBXFileReference; lastKnownFileType = image.png; path = onion.png; sourceTree = "<group>"; };
		E0C8C13A137614A600EF567E /* parsnip.png */ = {isa = PBXFileReference; lastKnownFileType = image.png; path = parsnip.png; sourceTree = "<group>"; };
		E0C8C13B137614A600EF567E /* peas.png */ = {isa = PBXFileReference; lastKnownFileType = image.png; path = peas.png; sourceTree = "<group>"; };
		E0C8C13C137614A600EF567E /* potato.png */ = {isa = PBXFileReference; lastKnownFileType = image.png; path = potato.png; sourceTree = "<group>"; };
		E0C8C13D137614A600EF567E /* pumpkin.png */ = {isa = PBXFileReference; lastKnownFileType = image.png; path = pumpkin.png; sourceTree = "<group>"; };
		E0C8C13E137614A700EF567E /* tomato.png */ = {isa = PBXFileReference; lastKnownFileType = image.png; path = tomato.png; sourceTree = "<group>"; };
		E0C8C13F137614A700EF567E /* turnip.png */ = {isa = PBXFileReference; lastKnownFileType = image.png; path = turnip.png; sourceTree = "<group>"; };
/* End PBXFileReference section */

/* Begin PBXFrameworksBuildPhase section */
		80CEB1F213606D5200425F16 /* Frameworks */ = {
			isa = PBXFrameworksBuildPhase;
			buildActionMask = 2147483647;
			files = (
				3A3B9BC5137AFD8300256CEA /* AVFoundation.framework in Frameworks */,
				3A3B9BB8137AFA6700256CEA /* AudioToolbox.framework in Frameworks */,
				E00834FB1372199B0098FFBF /* QuartzCore.framework in Frameworks */,
				809309771369A688007C1E8B /* MediaPlayer.framework in Frameworks */,
				80CEB1FA13606D5200425F16 /* UIKit.framework in Frameworks */,
				80CEB1FC13606D5200425F16 /* Foundation.framework in Frameworks */,
				80CEB1FE13606D5200425F16 /* CoreGraphics.framework in Frameworks */,
			);
			runOnlyForDeploymentPostprocessing = 0;
		};
/* End PBXFrameworksBuildPhase section */

/* Begin PBXGroup section */
		3A233B4C1371B448006A97FA /* Detailed Recipe View Items */ = {
			isa = PBXGroup;
			children = (
				3A233B4E1371B471006A97FA /* 0stars_large.png */,
				3A233B4F1371B471006A97FA /* 1stars_large.png */,
				3A233B501371B471006A97FA /* 2stars_large.png */,
				3A233B511371B471006A97FA /* 3stars_large.png */,
				3A233B521371B471006A97FA /* 4stars_large.png */,
				3A233B531371B471006A97FA /* 5stars_large.png */,
				3A233B541371B471006A97FA /* recipe_frame.png */,
			);
			name = "Detailed Recipe View Items";
			sourceTree = "<group>";
		};
		80079E7B136078AA001ABBFD /* Source */ = {
			isa = PBXGroup;
			children = (
				80079E7D136078C9001ABBFD /* MainMenu.m */,
				80079E7C136078C9001ABBFD /* MainMenu.h */,
				80079E7E136078C9001ABBFD /* MainMenu.xib */,
				8093095E13697954007C1E8B /* GameScreen.h */,
				DD8476151382D59D001F853F /* GameScreen.m */,
				3AF89E7E136AB1C300AA5905 /* Recipe_List.plist */,
				8093096013697954007C1E8B /* GameScreen.xib */,
				8093096C1369A4A0007C1E8B /* RecipeSelection.h */,
				8093096D1369A4A0007C1E8B /* RecipeSelection.m */,
				3AF718FA136C3A8F005D7971 /* RecipeSelection.xib */,
				E00834F613720B370098FFBF /* Game.h */,
				DD8476121382D598001F853F /* Game.m */,
				0C92325F1377F9DA005F7C02 /* IngredientGenerator.h */,
				0C9232601377F9DB005F7C02 /* IngredientGenerator.m */,
				0C05BFFE13743D540026A4DE /* PhysicalObject.h */,
				0C05BFFF13743D540026A4DE /* PhysicalObject.m */,
				0C0F126E1372D95C00D059B2 /* Ingredient.h */,
				0C0F126F1372D95C00D059B2 /* Ingredient.m */,
				8079175F13759E1A000F68D9 /* GameView.h */,
				8079176013759E1A000F68D9 /* GameView.m */,
				80007CE713797B5C00CC3C64 /* CustomSwipeGestureRecognizer.h */,
				80007CE813797B5C00CC3C64 /* CustomSwipeGestureRecognizer.m */,
			);
			name = Source;
			sourceTree = "<group>";
		};
		80CEB1EA13606D5200425F16 = {
			isa = PBXGroup;
			children = (
				80CEB1FF13606D5200425F16 /* Kitchen Samurai */,
				80CEB1F813606D5200425F16 /* Frameworks */,
				80CEB1F613606D5200425F16 /* Products */,
			);
			sourceTree = "<group>";
		};
		80CEB1F613606D5200425F16 /* Products */ = {
			isa = PBXGroup;
			children = (
				80CEB1F513606D5200425F16 /* Kitchen Samurai.app */,
			);
			name = Products;
			sourceTree = "<group>";
		};
		80CEB1F813606D5200425F16 /* Frameworks */ = {
			isa = PBXGroup;
			children = (
				3A3B9BC4137AFD8300256CEA /* AVFoundation.framework */,
				3A3B9BB7137AFA6700256CEA /* AudioToolbox.framework */,
				E00834FA1372199B0098FFBF /* QuartzCore.framework */,
				809309761369A688007C1E8B /* MediaPlayer.framework */,
				80CEB1F913606D5200425F16 /* UIKit.framework */,
				80CEB1FB13606D5200425F16 /* Foundation.framework */,
				80CEB1FD13606D5200425F16 /* CoreGraphics.framework */,
			);
			name = Frameworks;
			sourceTree = "<group>";
		};
		80CEB1FF13606D5200425F16 /* Kitchen Samurai */ = {
			isa = PBXGroup;
			children = (
				E0A5B6EE1369FB3400408241 /* Assets */,
				80079E7B136078AA001ABBFD /* Source */,
				80CEB20813606D5200425F16 /* Kitchen_SamuraiAppDelegate.h */,
				80CEB20913606D5200425F16 /* Kitchen_SamuraiAppDelegate.m */,
				80079E8913607CA8001ABBFD /* MainWindow.xib */,
				80CEB20013606D5200425F16 /* Supporting Files */,
			);
			path = "Kitchen Samurai";
			sourceTree = "<group>";
		};
		80CEB20013606D5200425F16 /* Supporting Files */ = {
			isa = PBXGroup;
			children = (
				80CEB20113606D5200425F16 /* Kitchen Samurai-Info.plist */,
				80CEB20213606D5200425F16 /* InfoPlist.strings */,
				80CEB20513606D5200425F16 /* Kitchen Samurai-Prefix.pch */,
				80CEB20613606D5200425F16 /* main.m */,
			);
			name = "Supporting Files";
			sourceTree = "<group>";
		};
		E0A5B6EE1369FB3400408241 /* Assets */ = {
			isa = PBXGroup;
			children = (
				80BBC33F1383C5AE0054DD89 /* Heading.png */,
				8015C9BF1382F038002A8E7B /* pause.png */,
				8015C9C01382F038002A8E7B /* play.png */,
				8015C9C11382F038002A8E7B /* quit.png */,
				8078CA1F138158C300A6A1D2 /* fingerDot.png */,
				E0A6CB3C137B09B300F5C6E2 /* swoosh.caf */,
				E024C57D137AE205003A11F5 /* pot.png */,
				E0C8C156137614AD00EF567E /* Ingredients */,
				0C05BFFC13742EA30026A4DE /* 1-Tomato Soup.txt */,
				3AFFB440137981F100E1C037 /* 1-Butternut Soup.txt */,
				3AFFB4431379820800E1C037 /* 2-Bean Soup.txt */,
				3AFFB4451379820E00E1C037 /* 3-Vegetable Soup.txt */,
				3AFFB46B137A6ECF00E1C037 /* 1.png */,
				3AFFB46C137A6ECF00E1C037 /* 2.png */,
				3AFFB46D137A6ECF00E1C037 /* 3.png */,
				3AFFB46E137A6ECF00E1C037 /* 4.png */,
				3AFFB46F137A6ECF00E1C037 /* 5.png */,
				3AFFB470137A6ECF00E1C037 /* 6.png */,
				3AFFB471137A6ECF00E1C037 /* 7.png */,
				3AFFB472137A6ECF00E1C037 /* 8.png */,
				3AFFB473137A6ECF00E1C037 /* 9.png */,
				3AFFB474137A6ECF00E1C037 /* x.jpg */,
				3AF89E8D136ADDA700AA5905 /* 120px-Crystal_Clear_action_lock.png */,
				808A4E8B136AD1CF0058C7DA /* video_test.mp4 */,
				80BBC3461383CA9F0054DD89 /* 1_chef.png */,
				80BBC3441383CA930054DD89 /* 3_chef.png */,
				80BBC3481383CAA50054DD89 /* 2_chef.png */,
				80BBC3421383C80F0054DD89 /* baar_metanoia.TTF */,
				0C0F126C1372D7ED00D059B2 /* test.jpg */,
				3A25C1F4137055E300689C28 /* recipe_button_locked.png */,
				3A25C1F5137055E300689C28 /* recipe_button_unlocked.png */,
				3A233B4C1371B448006A97FA /* Detailed Recipe View Items */,
				E078BE80136A204000818E87 /* back_button.png */,
				3A25C1F91370895F00689C28 /* 0_stars.png */,
				3A25C1FA1370895F00689C28 /* 1_stars.png */,
				3A25C1FB1370895F00689C28 /* 2_stars.png */,
				3A25C1FC1370895F00689C28 /* 3_stars.png */,
				3A25C1FD1370895F00689C28 /* 4_stars.png */,
				3A25C1FE1370895F00689C28 /* 5_stars.png */,
				E078BE81136A204000818E87 /* continue_button.png */,
				E078BE82136A204000818E87 /* cook_button.png */,
				E078BE83136A204000818E87 /* instructions_button.png */,
				E078BE84136A204000818E87 /* new_game_button.png */,
				E078BE85136A204000818E87 /* pick_recipe_button.png */,
				E078BE86136A204000818E87 /* rising_sun_yellow2.jpg */,
			);
			name = Assets;
			sourceTree = "<group>";
		};
		E0C8C156137614AD00EF567E /* Ingredients */ = {
			isa = PBXGroup;
			children = (
				E0C8C12A137614A500EF567E /* asparagus.png */,
				E0C8C12B137614A500EF567E /* baby_marrow.png */,
				E0C8C12C137614A500EF567E /* bean.png */,
				E0C8C12D137614A500EF567E /* beetroot.png */,
				E0C8C12E137614A500EF567E /* bell_pepper.png */,
				E0C8C12F137614A500EF567E /* brinjal.png */,
				E0C8C130137614A600EF567E /* broccoli.png */,
				E0C8C131137614A600EF567E /* butternut.png */,
				E0C8C132137614A600EF567E /* carrot.png */,
				E0C8C133137614A600EF567E /* cauliflower.png */,
				E0C8C134137614A600EF567E /* celery.png */,
				E0C8C135137614A600EF567E /* chilli.png */,
				E0C8C136137614A600EF567E /* corn.png */,
				E0C8C137137614A600EF567E /* garlic.png */,
				E0C8C138137614A600EF567E /* lemon.png */,
				E0C8C139137614A600EF567E /* onion.png */,
				E0C8C13A137614A600EF567E /* parsnip.png */,
				E0C8C13B137614A600EF567E /* peas.png */,
				E0C8C13C137614A600EF567E /* potato.png */,
				E0C8C13D137614A600EF567E /* pumpkin.png */,
				E0C8C13E137614A700EF567E /* tomato.png */,
				E0C8C13F137614A700EF567E /* turnip.png */,
			);
			name = Ingredients;
			sourceTree = "<group>";
		};
/* End PBXGroup section */

/* Begin PBXNativeTarget section */
		80CEB1F413606D5200425F16 /* Kitchen Samurai */ = {
			isa = PBXNativeTarget;
			buildConfigurationList = 80CEB21013606D5200425F16 /* Build configuration list for PBXNativeTarget "Kitchen Samurai" */;
			buildPhases = (
				80CEB1F113606D5200425F16 /* Sources */,
				80CEB1F213606D5200425F16 /* Frameworks */,
				80CEB1F313606D5200425F16 /* Resources */,
			);
			buildRules = (
			);
			dependencies = (
			);
			name = "Kitchen Samurai";
			productName = "Kitchen Samurai";
			productReference = 80CEB1F513606D5200425F16 /* Kitchen Samurai.app */;
			productType = "com.apple.product-type.application";
		};
/* End PBXNativeTarget section */

/* Begin PBXProject section */
		80CEB1EC13606D5200425F16 /* Project object */ = {
			isa = PBXProject;
			buildConfigurationList = 80CEB1EF13606D5200425F16 /* Build configuration list for PBXProject "Kitchen Samurai" */;
			compatibilityVersion = "Xcode 3.2";
			developmentRegion = English;
			hasScannedForEncodings = 0;
			knownRegions = (
				en,
			);
			mainGroup = 80CEB1EA13606D5200425F16;
			productRefGroup = 80CEB1F613606D5200425F16 /* Products */;
			projectDirPath = "";
			projectRoot = "";
			targets = (
				80CEB1F413606D5200425F16 /* Kitchen Samurai */,
			);
		};
/* End PBXProject section */

/* Begin PBXResourcesBuildPhase section */
		80CEB1F313606D5200425F16 /* Resources */ = {
			isa = PBXResourcesBuildPhase;
			buildActionMask = 2147483647;
			files = (
				80CEB20413606D5200425F16 /* InfoPlist.strings in Resources */,
				80079E80136078C9001ABBFD /* MainMenu.xib in Resources */,
				80079E8A13607CA8001ABBFD /* MainWindow.xib in Resources */,
				8093096213697954007C1E8B /* GameScreen.xib in Resources */,
				E078BE87136A204000818E87 /* back_button.png in Resources */,
				E078BE88136A204000818E87 /* continue_button.png in Resources */,
				E078BE89136A204000818E87 /* cook_button.png in Resources */,
				E078BE8A136A204000818E87 /* instructions_button.png in Resources */,
				E078BE8B136A204000818E87 /* new_game_button.png in Resources */,
				E078BE8C136A204000818E87 /* pick_recipe_button.png in Resources */,
				E078BE8D136A204000818E87 /* rising_sun_yellow2.jpg in Resources */,
				3AF89E7F136AB1C300AA5905 /* Recipe_List.plist in Resources */,
				808A4E8C136AD1CF0058C7DA /* video_test.mp4 in Resources */,
				3AF89E8E136ADDA700AA5905 /* 120px-Crystal_Clear_action_lock.png in Resources */,
				3AF718FB136C3A8F005D7971 /* RecipeSelection.xib in Resources */,
				3A25C1F6137055E300689C28 /* recipe_button_locked.png in Resources */,
				3A25C1F7137055E300689C28 /* recipe_button_unlocked.png in Resources */,
				3A25C1FF1370895F00689C28 /* 0_stars.png in Resources */,
				3A25C2001370895F00689C28 /* 1_stars.png in Resources */,
				3A25C2011370895F00689C28 /* 2_stars.png in Resources */,
				3A25C2021370895F00689C28 /* 3_stars.png in Resources */,
				3A25C2031370895F00689C28 /* 4_stars.png in Resources */,
				3A25C2041370895F00689C28 /* 5_stars.png in Resources */,
				3A233B551371B471006A97FA /* 0stars_large.png in Resources */,
				3A233B561371B471006A97FA /* 1stars_large.png in Resources */,
				3A233B571371B471006A97FA /* 2stars_large.png in Resources */,
				3A233B581371B471006A97FA /* 3stars_large.png in Resources */,
				3A233B591371B471006A97FA /* 4stars_large.png in Resources */,
				3A233B5A1371B471006A97FA /* 5stars_large.png in Resources */,
				3A233B5B1371B471006A97FA /* recipe_frame.png in Resources */,
				0C0F126D1372D7ED00D059B2 /* test.jpg in Resources */,
				0C05BFFD13742EA30026A4DE /* 1-Tomato Soup.txt in Resources */,
				E0C8C140137614A700EF567E /* asparagus.png in Resources */,
				E0C8C141137614A700EF567E /* baby_marrow.png in Resources */,
				E0C8C142137614A700EF567E /* bean.png in Resources */,
				E0C8C143137614A700EF567E /* beetroot.png in Resources */,
				E0C8C144137614A700EF567E /* bell_pepper.png in Resources */,
				E0C8C145137614A700EF567E /* brinjal.png in Resources */,
				E0C8C146137614A700EF567E /* broccoli.png in Resources */,
				E0C8C147137614A700EF567E /* butternut.png in Resources */,
				E0C8C148137614A700EF567E /* carrot.png in Resources */,
				E0C8C149137614A700EF567E /* cauliflower.png in Resources */,
				E0C8C14A137614A700EF567E /* celery.png in Resources */,
				E0C8C14B137614A700EF567E /* chilli.png in Resources */,
				E0C8C14C137614A700EF567E /* corn.png in Resources */,
				E0C8C14D137614A700EF567E /* garlic.png in Resources */,
				E0C8C14E137614A700EF567E /* lemon.png in Resources */,
				E0C8C14F137614A700EF567E /* onion.png in Resources */,
				E0C8C150137614A700EF567E /* parsnip.png in Resources */,
				E0C8C151137614A700EF567E /* peas.png in Resources */,
				E0C8C152137614A700EF567E /* potato.png in Resources */,
				E0C8C153137614A700EF567E /* pumpkin.png in Resources */,
				E0C8C154137614A700EF567E /* tomato.png in Resources */,
				E0C8C155137614A700EF567E /* turnip.png in Resources */,
				3AFFB441137981F100E1C037 /* 1-Butternut Soup.txt in Resources */,
				3AFFB4441379820800E1C037 /* 2-Bean Soup.txt in Resources */,
				3AFFB4461379820E00E1C037 /* 3-Vegetable Soup.txt in Resources */,
				3AFFB475137A6ECF00E1C037 /* 1.png in Resources */,
				3AFFB476137A6ECF00E1C037 /* 2.png in Resources */,
				3AFFB477137A6ECF00E1C037 /* 3.png in Resources */,
				3AFFB478137A6ECF00E1C037 /* 4.png in Resources */,
				3AFFB479137A6ECF00E1C037 /* 5.png in Resources */,
				3AFFB47A137A6ECF00E1C037 /* 6.png in Resources */,
				3AFFB47B137A6ECF00E1C037 /* 7.png in Resources */,
				3AFFB47C137A6ECF00E1C037 /* 8.png in Resources */,
				3AFFB47D137A6ECF00E1C037 /* 9.png in Resources */,
				3AFFB47E137A6ECF00E1C037 /* x.jpg in Resources */,
				E024C57E137AE205003A11F5 /* pot.png in Resources */,
				E0A6CB3D137B09B300F5C6E2 /* swoosh.caf in Resources */,
				8078CA20138158C300A6A1D2 /* fingerDot.png in Resources */,
				8015C9C21382F038002A8E7B /* pause.png in Resources */,
				8015C9C31382F038002A8E7B /* play.png in Resources */,
				8015C9C41382F038002A8E7B /* quit.png in Resources */,
				80BBC3401383C5AE0054DD89 /* Heading.png in Resources */,
				80BBC3431383C8100054DD89 /* baar_metanoia.TTF in Resources */,
				80BBC3451383CA940054DD89 /* 3_chef.png in Resources */,
				80BBC3471383CA9F0054DD89 /* 1_chef.png in Resources */,
				80BBC3491383CAA50054DD89 /* 2_chef.png in Resources */,
			);
			runOnlyForDeploymentPostprocessing = 0;
		};
/* End PBXResourcesBuildPhase section */

/* Begin PBXSourcesBuildPhase section */
		80CEB1F113606D5200425F16 /* Sources */ = {
			isa = PBXSourcesBuildPhase;
			buildActionMask = 2147483647;
			files = (
				80CEB20713606D5200425F16 /* main.m in Sources */,
				80CEB20A13606D5200425F16 /* Kitchen_SamuraiAppDelegate.m in Sources */,
				80079E7F136078C9001ABBFD /* MainMenu.m in Sources */,
				8093096F1369A4A0007C1E8B /* RecipeSelection.m in Sources */,
				0C0F12701372D95D00D059B2 /* Ingredient.m in Sources */,
				0C05C00013743D540026A4DE /* PhysicalObject.m in Sources */,
				8079176113759E1A000F68D9 /* GameView.m in Sources */,
				0C9232611377F9DE005F7C02 /* IngredientGenerator.m in Sources */,
				80007CE913797B5C00CC3C64 /* CustomSwipeGestureRecognizer.m in Sources */,
				DD8476131382D598001F853F /* Game.m in Sources */,
				DD8476161382D59D001F853F /* GameScreen.m in Sources */,
			);
			runOnlyForDeploymentPostprocessing = 0;
		};
/* End PBXSourcesBuildPhase section */

/* Begin PBXVariantGroup section */
		80CEB20213606D5200425F16 /* InfoPlist.strings */ = {
			isa = PBXVariantGroup;
			children = (
				80CEB20313606D5200425F16 /* en */,
			);
			name = InfoPlist.strings;
			sourceTree = "<group>";
		};
/* End PBXVariantGroup section */

/* Begin XCBuildConfiguration section */
		80CEB20E13606D5200425F16 /* Debug */ = {
			isa = XCBuildConfiguration;
			buildSettings = {
				ARCHS = "$(ARCHS_UNIVERSAL_IPHONE_OS)";
				"CODE_SIGN_IDENTITY[sdk=iphoneos*]" = "iPhone Developer";
				GCC_C_LANGUAGE_STANDARD = gnu99;
				GCC_OPTIMIZATION_LEVEL = 0;
				GCC_PREPROCESSOR_DEFINITIONS = DEBUG;
				GCC_SYMBOLS_PRIVATE_EXTERN = NO;
				GCC_VERSION = com.apple.compilers.llvmgcc42;
				GCC_WARN_ABOUT_RETURN_TYPE = YES;
				GCC_WARN_UNUSED_VARIABLE = YES;
				IPHONEOS_DEPLOYMENT_TARGET = 4.3;
				SDKROOT = iphoneos;
				TARGETED_DEVICE_FAMILY = 2;
			};
			name = Debug;
		};
		80CEB20F13606D5200425F16 /* Release */ = {
			isa = XCBuildConfiguration;
			buildSettings = {
				ARCHS = "$(ARCHS_UNIVERSAL_IPHONE_OS)";
				"CODE_SIGN_IDENTITY[sdk=iphoneos*]" = "iPhone Developer";
				GCC_C_LANGUAGE_STANDARD = gnu99;
				GCC_VERSION = com.apple.compilers.llvmgcc42;
				GCC_WARN_ABOUT_RETURN_TYPE = YES;
				GCC_WARN_UNUSED_VARIABLE = YES;
				IPHONEOS_DEPLOYMENT_TARGET = 4.3;
				OTHER_CFLAGS = "-DNS_BLOCK_ASSERTIONS=1";
				SDKROOT = iphoneos;
				TARGETED_DEVICE_FAMILY = 2;
			};
			name = Release;
		};
		80CEB21113606D5200425F16 /* Debug */ = {
			isa = XCBuildConfiguration;
			buildSettings = {
				ALWAYS_SEARCH_USER_PATHS = NO;
				COPY_PHASE_STRIP = NO;
				GCC_DYNAMIC_NO_PIC = NO;
				GCC_PRECOMPILE_PREFIX_HEADER = YES;
				GCC_PREFIX_HEADER = "Kitchen Samurai/Kitchen Samurai-Prefix.pch";
				INFOPLIST_FILE = "Kitchen Samurai/Kitchen Samurai-Info.plist";
				PRODUCT_NAME = "$(TARGET_NAME)";
				WRAPPER_EXTENSION = app;
			};
			name = Debug;
		};
		80CEB21213606D5200425F16 /* Release */ = {
			isa = XCBuildConfiguration;
			buildSettings = {
				ALWAYS_SEARCH_USER_PATHS = NO;
				COPY_PHASE_STRIP = YES;
				GCC_PRECOMPILE_PREFIX_HEADER = YES;
				GCC_PREFIX_HEADER = "Kitchen Samurai/Kitchen Samurai-Prefix.pch";
				INFOPLIST_FILE = "Kitchen Samurai/Kitchen Samurai-Info.plist";
				PRODUCT_NAME = "$(TARGET_NAME)";
				VALIDATE_PRODUCT = YES;
				WRAPPER_EXTENSION = app;
			};
			name = Release;
		};
/* End XCBuildConfiguration section */

/* Begin XCConfigurationList section */
		80CEB1EF13606D5200425F16 /* Build configuration list for PBXProject "Kitchen Samurai" */ = {
			isa = XCConfigurationList;
			buildConfigurations = (
				80CEB20E13606D5200425F16 /* Debug */,
				80CEB20F13606D5200425F16 /* Release */,
			);
			defaultConfigurationIsVisible = 0;
			defaultConfigurationName = Release;
		};
		80CEB21013606D5200425F16 /* Build configuration list for PBXNativeTarget "Kitchen Samurai" */ = {
			isa = XCConfigurationList;
			buildConfigurations = (
				80CEB21113606D5200425F16 /* Debug */,
				80CEB21213606D5200425F16 /* Release */,
			);
			defaultConfigurationIsVisible = 0;
			defaultConfigurationName = Release;
		};
/* End XCConfigurationList section */
	};
	rootObject = 80CEB1EC13606D5200425F16 /* Project object */;
}
